
Microsoft Visual Studio Solution File, Format Version 12.00
# Visual Studio Version 17
VisualStudioVersion = 17.7.34031.279
MinimumVisualStudioVersion = 10.0.40219.1
Project("{FAE04EC0-301F-11D3-BF4B-00C04F79EFBC}") = "Second Day", "Second Day\Second Day.csproj", "{5E0614A0-CDF2-40C8-A404-1BEEE9D903DB}"
EndProject
Global
	GlobalSection(SolutionConfigurationPlatforms) = preSolution
		Debug|Any CPU = Debug|Any CPU
		Release|Any CPU = Release|Any CPU
	EndGlobalSection
	GlobalSection(ProjectConfigurationPlatforms) = postSolution
		{5E0614A0-CDF2-40C8-A404-1BEEE9D903DB}.Debug|Any CPU.ActiveCfg = Debug|Any CPU
		{5E0614A0-CDF2-40C8-A404-1BEEE9D903DB}.Debug|Any CPU.Build.0 = Debug|Any CPU
		{5E0614A0-CDF2-40C8-A404-1BEEE9D903DB}.Release|Any CPU.ActiveCfg = Release|Any CPU
		{5E0614A0-CDF2-40C8-A404-1BEEE9D903DB}.Release|Any CPU.Build.0 = Release|Any CPU
	EndGlobalSection
	GlobalSection(SolutionProperties) = preSolution
		HideSolutionNode = FALSE
	EndGlobalSection
	GlobalSection(ExtensibilityGlobals) = postSolution
		SolutionGuid = {9C322ED5-1003-4F3D-9603-E04B7BF7E778}
	EndGlobalSection
EndGlobal
