
Microsoft Visual Studio Solution File, Format Version 12.00
# Visual Studio Version 17
VisualStudioVersion = 17.7.34031.279
MinimumVisualStudioVersion = 10.0.40219.1
Project("{FAE04EC0-301F-11D3-BF4B-00C04F79EFBC}") = "First Day", "First Day\First Day.csproj", "{0B9C2BE8-08B0-4024-8FCD-2CC9BD60D29C}"
EndProject
Global
	GlobalSection(SolutionConfigurationPlatforms) = preSolution
		Debug|Any CPU = Debug|Any CPU
		Release|Any CPU = Release|Any CPU
	EndGlobalSection
	GlobalSection(ProjectConfigurationPlatforms) = postSolution
		{0B9C2BE8-08B0-4024-8FCD-2CC9BD60D29C}.Debug|Any CPU.ActiveCfg = Debug|Any CPU
		{0B9C2BE8-08B0-4024-8FCD-2CC9BD60D29C}.Debug|Any CPU.Build.0 = Debug|Any CPU
		{0B9C2BE8-08B0-4024-8FCD-2CC9BD60D29C}.Release|Any CPU.ActiveCfg = Release|Any CPU
		{0B9C2BE8-08B0-4024-8FCD-2CC9BD60D29C}.Release|Any CPU.Build.0 = Release|Any CPU
	EndGlobalSection
	GlobalSection(SolutionProperties) = preSolution
		HideSolutionNode = FALSE
	EndGlobalSection
	GlobalSection(ExtensibilityGlobals) = postSolution
		SolutionGuid = {9B2E36FA-3F71-4CFE-AA9B-A2D7512D817C}
	EndGlobalSection
EndGlobal
